
Microsoft Visual Studio Solution File, Format Version 12.00
# Visual Studio Version 17
VisualStudioVersion = 17.2.32519.379
MinimumVisualStudioVersion = 10.0.40219.1
Project("{8BC9CEB8-8B4A-11D0-8D11-00A0C91BC942}") = "5.2b", "5.2b\5.2b.vcxproj", "{D1CBBA10-02D3-4F04-9384-817440B60F37}"
EndProject
Project("{8BC9CEB8-8B4A-11D0-8D11-00A0C91BC942}") = "UnitTest", "UnitTest\UnitTest.vcxproj", "{947EA120-853C-4477-8A08-0CD56253FAC4}"
EndProject
Global
	GlobalSection(SolutionConfigurationPlatforms) = preSolution
		Debug|x64 = Debug|x64
		Debug|x86 = Debug|x86
		Release|x64 = Release|x64
		Release|x86 = Release|x86
	EndGlobalSection
	GlobalSection(ProjectConfigurationPlatforms) = postSolution
		{D1CBBA10-02D3-4F04-9384-817440B60F37}.Debug|x64.ActiveCfg = Debug|x64
		{D1CBBA10-02D3-4F04-9384-817440B60F37}.Debug|x64.Build.0 = Debug|x64
		{D1CBBA10-02D3-4F04-9384-817440B60F37}.Debug|x86.ActiveCfg = Debug|Win32
		{D1CBBA10-02D3-4F04-9384-817440B60F37}.Debug|x86.Build.0 = Debug|Win32
		{D1CBBA10-02D3-4F04-9384-817440B60F37}.Release|x64.ActiveCfg = Release|x64
		{D1CBBA10-02D3-4F04-9384-817440B60F37}.Release|x64.Build.0 = Release|x64
		{D1CBBA10-02D3-4F04-9384-817440B60F37}.Release|x86.ActiveCfg = Release|Win32
		{D1CBBA10-02D3-4F04-9384-817440B60F37}.Release|x86.Build.0 = Release|Win32
		{947EA120-853C-4477-8A08-0CD56253FAC4}.Debug|x64.ActiveCfg = Debug|x64
		{947EA120-853C-4477-8A08-0CD56253FAC4}.Debug|x64.Build.0 = Debug|x64
		{947EA120-853C-4477-8A08-0CD56253FAC4}.Debug|x86.ActiveCfg = Debug|Win32
		{947EA120-853C-4477-8A08-0CD56253FAC4}.Debug|x86.Build.0 = Debug|Win32
		{947EA120-853C-4477-8A08-0CD56253FAC4}.Release|x64.ActiveCfg = Release|x64
		{947EA120-853C-4477-8A08-0CD56253FAC4}.Release|x64.Build.0 = Release|x64
		{947EA120-853C-4477-8A08-0CD56253FAC4}.Release|x86.ActiveCfg = Release|Win32
		{947EA120-853C-4477-8A08-0CD56253FAC4}.Release|x86.Build.0 = Release|Win32
	EndGlobalSection
	GlobalSection(SolutionProperties) = preSolution
		HideSolutionNode = FALSE
	EndGlobalSection
	GlobalSection(ExtensibilityGlobals) = postSolution
		SolutionGuid = {F6D4A88F-B8D7-42FF-B2A1-9403F7C463D3}
	EndGlobalSection
EndGlobal
